
Microsoft Visual Studio Solution File, Format Version 12.00
# Visual Studio Version 16
VisualStudioVersion = 16.0.30413.136
MinimumVisualStudioVersion = 10.0.40219.1
Project("{FAE04EC0-301F-11D3-BF4B-00C04F79EFBC}") = "PentominoPuzzler", "PentominoPuzzler.csproj", "{34FE9AF0-E7D1-45BF-BB20-676566785D28}"
EndProject
Global
	GlobalSection(SolutionConfigurationPlatforms) = preSolution
		Debug|Any CPU = Debug|Any CPU
		Release|Any CPU = Release|Any CPU
	EndGlobalSection
	GlobalSection(ProjectConfigurationPlatforms) = postSolution
		{34FE9AF0-E7D1-45BF-BB20-676566785D28}.Debug|Any CPU.ActiveCfg = Debug|Any CPU
		{34FE9AF0-E7D1-45BF-BB20-676566785D28}.Debug|Any CPU.Build.0 = Debug|Any CPU
		{34FE9AF0-E7D1-45BF-BB20-676566785D28}.Release|Any CPU.ActiveCfg = Release|Any CPU
		{34FE9AF0-E7D1-45BF-BB20-676566785D28}.Release|Any CPU.Build.0 = Release|Any CPU
	EndGlobalSection
	GlobalSection(SolutionProperties) = preSolution
		HideSolutionNode = FALSE
	EndGlobalSection
	GlobalSection(ExtensibilityGlobals) = postSolution
		SolutionGuid = {3BE87510-547E-4673-94E0-C0528758B5A3}
	EndGlobalSection
EndGlobal
